{
    "_readme": [
        "This file locks the dependencies of your project to a known state",
        "Read more about it at https://getcomposer.org/doc/01-basic-usage.md#installing-dependencies",
        "This file is @generated automatically"
    ],
    "content-hash": "757232a5665d80e1c9a7e8102a1877d8",
    "packages": [
        {
            "name": "aleksandr/weblab-lib",
            "version": "dev-master",
            "source": {
                "type": "git",
                "url": "https://github.com/Merecia/weblab-lib.git",
                "reference": "8e7498a3e282d61d4fda95c4c3f739c9a8df5763"
            },
            "dist": {
                "type": "zip",
                "url": "https://api.github.com/repos/Merecia/weblab-lib/zipball/8e7498a3e282d61d4fda95c4c3f739c9a8df5763",
                "reference": "8e7498a3e282d61d4fda95c4c3f739c9a8df5763",
                "shasum": ""
            },
            "require-dev": {
                "overtrue/phplint": "^3.2",
                "phpunit/phpunit": "^8.5"
            },
            "default-branch": true,
            "type": "library",
            "autoload": {
                "psr-4": {
                    "Aleksandr\\": "src/App"
                }
            },
            "notification-url": "https://packagist.org/downloads/",
            "license": [
                "mit"
            ],
            "authors": [
                {
                    "name": "Aleksandr Pisklov",
                    "email": "sasha.pisklov2002@gmail.com"
                }
            ],
            "support": {
                "issues": "https://github.com/Merecia/weblab-lib/issues",
                "source": "https://github.com/Merecia/weblab-lib/tree/master"
            },
            "time": "2022-10-21T19:18:33+00:00"
        }
    ],
    "packages-dev": [],
    "aliases": [],
    "minimum-stability": "stable",
    "stability-flags": {
        "aleksandr/weblab-lib": 20
    },
    "prefer-stable": false,
    "prefer-lowest": false,
    "platform": [],
    "platform-dev": [],
    "plugin-api-version": "2.3.0"
}
